
Microsoft Visual Studio Solution File, Format Version 12.00
# Visual Studio Version 17
VisualStudioVersion = 17.0.31912.275
MinimumVisualStudioVersion = 10.0.40219.1
Project("{FAE04EC0-301F-11D3-BF4B-00C04F79EFBC}") = "Strings_1", "lab_6\Strings_1.csproj", "{1AC9E0FA-FA05-48A2-A74B-6AC29C5FBFD6}"
EndProject
Project("{FAE04EC0-301F-11D3-BF4B-00C04F79EFBC}") = "Strings_2", "Strings_2\Strings_2.csproj", "{CECB8CB6-41B9-452D-B882-E535FBCE2B06}"
EndProject
Project("{FAE04EC0-301F-11D3-BF4B-00C04F79EFBC}") = "Strings_3", "Strings_3\Strings_3.csproj", "{88B91838-1357-4E24-9502-184E0E1667D5}"
EndProject
Global
	GlobalSection(SolutionConfigurationPlatforms) = preSolution
		Debug|Any CPU = Debug|Any CPU
		Release|Any CPU = Release|Any CPU
	EndGlobalSection
	GlobalSection(ProjectConfigurationPlatforms) = postSolution
		{1AC9E0FA-FA05-48A2-A74B-6AC29C5FBFD6}.Debug|Any CPU.ActiveCfg = Debug|Any CPU
		{1AC9E0FA-FA05-48A2-A74B-6AC29C5FBFD6}.Debug|Any CPU.Build.0 = Debug|Any CPU
		{1AC9E0FA-FA05-48A2-A74B-6AC29C5FBFD6}.Release|Any CPU.ActiveCfg = Release|Any CPU
		{1AC9E0FA-FA05-48A2-A74B-6AC29C5FBFD6}.Release|Any CPU.Build.0 = Release|Any CPU
		{CECB8CB6-41B9-452D-B882-E535FBCE2B06}.Debug|Any CPU.ActiveCfg = Debug|Any CPU
		{CECB8CB6-41B9-452D-B882-E535FBCE2B06}.Debug|Any CPU.Build.0 = Debug|Any CPU
		{CECB8CB6-41B9-452D-B882-E535FBCE2B06}.Release|Any CPU.ActiveCfg = Release|Any CPU
		{CECB8CB6-41B9-452D-B882-E535FBCE2B06}.Release|Any CPU.Build.0 = Release|Any CPU
		{88B91838-1357-4E24-9502-184E0E1667D5}.Debug|Any CPU.ActiveCfg = Debug|Any CPU
		{88B91838-1357-4E24-9502-184E0E1667D5}.Debug|Any CPU.Build.0 = Debug|Any CPU
		{88B91838-1357-4E24-9502-184E0E1667D5}.Release|Any CPU.ActiveCfg = Release|Any CPU
		{88B91838-1357-4E24-9502-184E0E1667D5}.Release|Any CPU.Build.0 = Release|Any CPU
	EndGlobalSection
	GlobalSection(SolutionProperties) = preSolution
		HideSolutionNode = FALSE
	EndGlobalSection
	GlobalSection(ExtensibilityGlobals) = postSolution
		SolutionGuid = {BE41BA0D-E51B-4208-B087-083971F6FB1A}
	EndGlobalSection
EndGlobal
